
Microsoft Visual Studio Solution File, Format Version 12.00
# Visual Studio 15
VisualStudioVersion = 15.0.28010.2016
MinimumVisualStudioVersion = 10.0.40219.1
Project("{FAE04EC0-301F-11D3-BF4B-00C04F79EFBC}") = "LightsPacketAction", "LightsPacketAction\LightsPacketAction.csproj", "{1C126F14-EC41-44A6-9382-3D048EF9CD24}"
EndProject
Global
	GlobalSection(SolutionConfigurationPlatforms) = preSolution
		Debug|Any CPU = Debug|Any CPU
		Release|Any CPU = Release|Any CPU
	EndGlobalSection
	GlobalSection(ProjectConfigurationPlatforms) = postSolution
		{1C126F14-EC41-44A6-9382-3D048EF9CD24}.Debug|Any CPU.ActiveCfg = Debug|Any CPU
		{1C126F14-EC41-44A6-9382-3D048EF9CD24}.Debug|Any CPU.Build.0 = Debug|Any CPU
		{1C126F14-EC41-44A6-9382-3D048EF9CD24}.Release|Any CPU.ActiveCfg = Release|Any CPU
		{1C126F14-EC41-44A6-9382-3D048EF9CD24}.Release|Any CPU.Build.0 = Release|Any CPU
	EndGlobalSection
	GlobalSection(SolutionProperties) = preSolution
		HideSolutionNode = FALSE
	EndGlobalSection
	GlobalSection(ExtensibilityGlobals) = postSolution
		SolutionGuid = {E8518832-61CF-4A96-A03C-290640512984}
	EndGlobalSection
EndGlobal
